// !$*UTF8*$!
{
	archiveVersion = 1;
	classes = {
	};
	objectVersion = 50;
	objects = {

/* Begin PBXBuildFile section */
		8402183B2229269E00BAAC3C /* AppDelegate.swift in Sources */ = {isa = PBXBuildFile; fileRef = 8402183A2229269E00BAAC3C /* AppDelegate.swift */; };
		8402183D2229269E00BAAC3C /* ViewController.swift in Sources */ = {isa = PBXBuildFile; fileRef = 8402183C2229269E00BAAC3C /* ViewController.swift */; };
		840218402229269E00BAAC3C /* Main.storyboard in Resources */ = {isa = PBXBuildFile; fileRef = 8402183E2229269E00BAAC3C /* Main.storyboard */; };
		84021842222926AA00BAAC3C /* Assets.xcassets in Resources */ = {isa = PBXBuildFile; fileRef = 84021841222926AA00BAAC3C /* Assets.xcassets */; };
		84021845222926AA00BAAC3C /* LaunchScreen.storyboard in Resources */ = {isa = PBXBuildFile; fileRef = 84021843222926AA00BAAC3C /* LaunchScreen.storyboard */; };
		8402184D222926CE00BAAC3C /* HorizontalViewController.swift in Sources */ = {isa = PBXBuildFile; fileRef = 8402184C222926CE00BAAC3C /* HorizontalViewController.swift */; };
		8402184F222926E900BAAC3C /* VerticalViewController.swift in Sources */ = {isa = PBXBuildFile; fileRef = 8402184E222926E900BAAC3C /* VerticalViewController.swift */; };
		84021852222927F500BAAC3C /* UIColor.swift in Sources */ = {isa = PBXBuildFile; fileRef = 84021850222927F500BAAC3C /* UIColor.swift */; };
		84021853222927F500BAAC3C /* LoopPageView.swift in Sources */ = {isa = PBXBuildFile; fileRef = 84021851222927F500BAAC3C /* LoopPageView.swift */; };
		840218552229289400BAAC3C /* LoopPageViewCell.swift in Sources */ = {isa = PBXBuildFile; fileRef = 840218542229289400BAAC3C /* LoopPageViewCell.swift */; };
		840218572229366500BAAC3C /* dome.gif in Resources */ = {isa = PBXBuildFile; fileRef = 840218562229366400BAAC3C /* dome.gif */; };
/* End PBXBuildFile section */

/* Begin PBXFileReference section */
		840218372229269E00BAAC3C /* LoopPageViewDome.app */ = {isa = PBXFileReference; explicitFileType = wrapper.application; includeInIndex = 0; path = LoopPageViewDome.app; sourceTree = BUILT_PRODUCTS_DIR; };
		8402183A2229269E00BAAC3C /* AppDelegate.swift */ = {isa = PBXFileReference; lastKnownFileType = sourcecode.swift; path = AppDelegate.swift; sourceTree = "<group>"; };
		8402183C2229269E00BAAC3C /* ViewController.swift */ = {isa = PBXFileReference; lastKnownFileType = sourcecode.swift; path = ViewController.swift; sourceTree = "<group>"; };
		8402183F2229269E00BAAC3C /* Base */ = {isa = PBXFileReference; lastKnownFileType = file.storyboard; name = Base; path = Base.lproj/Main.storyboard; sourceTree = "<group>"; };
		84021841222926AA00BAAC3C /* Assets.xcassets */ = {isa = PBXFileReference; lastKnownFileType = folder.assetcatalog; path = Assets.xcassets; sourceTree = "<group>"; };
		84021844222926AA00BAAC3C /* Base */ = {isa = PBXFileReference; lastKnownFileType = file.storyboard; name = Base; path = Base.lproj/LaunchScreen.storyboard; sourceTree = "<group>"; };
		84021846222926AA00BAAC3C /* Info.plist */ = {isa = PBXFileReference; lastKnownFileType = text.plist.xml; path = Info.plist; sourceTree = "<group>"; };
		8402184C222926CE00BAAC3C /* HorizontalViewController.swift */ = {isa = PBXFileReference; lastKnownFileType = sourcecode.swift; path = HorizontalViewController.swift; sourceTree = "<group>"; };
		8402184E222926E900BAAC3C /* VerticalViewController.swift */ = {isa = PBXFileReference; lastKnownFileType = sourcecode.swift; path = VerticalViewController.swift; sourceTree = "<group>"; };
		84021850222927F500BAAC3C /* UIColor.swift */ = {isa = PBXFileReference; fileEncoding = 4; lastKnownFileType = sourcecode.swift; path = UIColor.swift; sourceTree = "<group>"; };
		84021851222927F500BAAC3C /* LoopPageView.swift */ = {isa = PBXFileReference; fileEncoding = 4; lastKnownFileType = sourcecode.swift; path = LoopPageView.swift; sourceTree = "<group>"; };
		840218542229289400BAAC3C /* LoopPageViewCell.swift */ = {isa = PBXFileReference; lastKnownFileType = sourcecode.swift; path = LoopPageViewCell.swift; sourceTree = "<group>"; };
		840218562229366400BAAC3C /* dome.gif */ = {isa = PBXFileReference; lastKnownFileType = image.gif; path = dome.gif; sourceTree = "<group>"; };
/* End PBXFileReference section */

/* Begin PBXFrameworksBuildPhase section */
		840218342229269E00BAAC3C /* Frameworks */ = {
			isa = PBXFrameworksBuildPhase;
			buildActionMask = 2147483647;
			files = (
			);
			runOnlyForDeploymentPostprocessing = 0;
		};
/* End PBXFrameworksBuildPhase section */

/* Begin PBXGroup section */
		8402182E2229269E00BAAC3C = {
			isa = PBXGroup;
			children = (
				840218392229269E00BAAC3C /* LoopPageViewDome */,
				840218382229269E00BAAC3C /* Products */,
			);
			sourceTree = "<group>";
		};
		840218382229269E00BAAC3C /* Products */ = {
			isa = PBXGroup;
			children = (
				840218372229269E00BAAC3C /* LoopPageViewDome.app */,
			);
			name = Products;
			sourceTree = "<group>";
		};
		840218392229269E00BAAC3C /* LoopPageViewDome */ = {
			isa = PBXGroup;
			children = (
				840218562229366400BAAC3C /* dome.gif */,
				840218542229289400BAAC3C /* LoopPageViewCell.swift */,
				84021851222927F500BAAC3C /* LoopPageView.swift */,
				84021850222927F500BAAC3C /* UIColor.swift */,
				8402183A2229269E00BAAC3C /* AppDelegate.swift */,
				8402184E222926E900BAAC3C /* VerticalViewController.swift */,
				8402184C222926CE00BAAC3C /* HorizontalViewController.swift */,
				8402183C2229269E00BAAC3C /* ViewController.swift */,
				8402183E2229269E00BAAC3C /* Main.storyboard */,
				84021841222926AA00BAAC3C /* Assets.xcassets */,
				84021843222926AA00BAAC3C /* LaunchScreen.storyboard */,
				84021846222926AA00BAAC3C /* Info.plist */,
			);
			path = LoopPageViewDome;
			sourceTree = "<group>";
		};
/* End PBXGroup section */

/* Begin PBXNativeTarget section */
		840218362229269E00BAAC3C /* LoopPageViewDome */ = {
			isa = PBXNativeTarget;
			buildConfigurationList = 84021849222926AA00BAAC3C /* Build configuration list for PBXNativeTarget "LoopPageViewDome" */;
			buildPhases = (
				840218332229269E00BAAC3C /* Sources */,
				840218342229269E00BAAC3C /* Frameworks */,
				840218352229269E00BAAC3C /* Resources */,
			);
			buildRules = (
			);
			dependencies = (
			);
			name = LoopPageViewDome;
			productName = LoopPageViewDome;
			productReference = 840218372229269E00BAAC3C /* LoopPageViewDome.app */;
			productType = "com.apple.product-type.application";
		};
/* End PBXNativeTarget section */

/* Begin PBXProject section */
		8402182F2229269E00BAAC3C /* Project object */ = {
			isa = PBXProject;
			attributes = {
				LastSwiftUpdateCheck = 1010;
				LastUpgradeCheck = 1010;
				ORGANIZATIONNAME = zhouqiao;
				TargetAttributes = {
					840218362229269E00BAAC3C = {
						CreatedOnToolsVersion = 10.1;
					};
				};
			};
			buildConfigurationList = 840218322229269E00BAAC3C /* Build configuration list for PBXProject "LoopPageViewDome" */;
			compatibilityVersion = "Xcode 9.3";
			developmentRegion = en;
			hasScannedForEncodings = 0;
			knownRegions = (
				en,
				Base,
			);
			mainGroup = 8402182E2229269E00BAAC3C;
			productRefGroup = 840218382229269E00BAAC3C /* Products */;
			projectDirPath = "";
			projectRoot = "";
			targets = (
				840218362229269E00BAAC3C /* LoopPageViewDome */,
			);
		};
/* End PBXProject section */

/* Begin PBXResourcesBuildPhase section */
		840218352229269E00BAAC3C /* Resources */ = {
			isa = PBXResourcesBuildPhase;
			buildActionMask = 2147483647;
			files = (
				84021845222926AA00BAAC3C /* LaunchScreen.storyboard in Resources */,
				840218572229366500BAAC3C /* dome.gif in Resources */,
				84021842222926AA00BAAC3C /* Assets.xcassets in Resources */,
				840218402229269E00BAAC3C /* Main.storyboard in Resources */,
			);
			runOnlyForDeploymentPostprocessing = 0;
		};
/* End PBXResourcesBuildPhase section */

/* Begin PBXSourcesBuildPhase section */
		840218332229269E00BAAC3C /* Sources */ = {
			isa = PBXSourcesBuildPhase;
			buildActionMask = 2147483647;
			files = (
				8402184F222926E900BAAC3C /* VerticalViewController.swift in Sources */,
				840218552229289400BAAC3C /* LoopPageViewCell.swift in Sources */,
				84021853222927F500BAAC3C /* LoopPageView.swift in Sources */,
				8402183D2229269E00BAAC3C /* ViewController.swift in Sources */,
				8402184D222926CE00BAAC3C /* HorizontalViewController.swift in Sources */,
				8402183B2229269E00BAAC3C /* AppDelegate.swift in Sources */,
				84021852222927F500BAAC3C /* UIColor.swift in Sources */,
			);
			runOnlyForDeploymentPostprocessing = 0;
		};
/* End PBXSourcesBuildPhase section */

/* Begin PBXVariantGroup section */
		8402183E2229269E00BAAC3C /* Main.storyboard */ = {
			isa = PBXVariantGroup;
			children = (
				8402183F2229269E00BAAC3C /* Base */,
			);
			name = Main.storyboard;
			sourceTree = "<group>";
		};
		84021843222926AA00BAAC3C /* LaunchScreen.storyboard */ = {
			isa = PBXVariantGroup;
			children = (
				84021844222926AA00BAAC3C /* Base */,
			);
			name = LaunchScreen.storyboard;
			sourceTree = "<group>";
		};
/* End PBXVariantGroup section */

/* Begin XCBuildConfiguration section */
		84021847222926AA00BAAC3C /* Debug */ = {
			isa = XCBuildConfiguration;
			buildSettings = {
				ALWAYS_SEARCH_USER_PATHS = NO;
				CLANG_ANALYZER_NONNULL = YES;
				CLANG_ANALYZER_NUMBER_OBJECT_CONVERSION = YES_AGGRESSIVE;
				CLANG_CXX_LANGUAGE_STANDARD = "gnu++14";
				CLANG_CXX_LIBRARY = "libc++";
				CLANG_ENABLE_MODULES = YES;
				CLANG_ENABLE_OBJC_ARC = YES;
				CLANG_ENABLE_OBJC_WEAK = YES;
				CLANG_WARN_BLOCK_CAPTURE_AUTORELEASING = YES;
				CLANG_WARN_BOOL_CONVERSION = YES;
				CLANG_WARN_COMMA = YES;
				CLANG_WARN_CONSTANT_CONVERSION = YES;
				CLANG_WARN_DEPRECATED_OBJC_IMPLEMENTATIONS = YES;
				CLANG_WARN_DIRECT_OBJC_ISA_USAGE = YES_ERROR;
				CLANG_WARN_DOCUMENTATION_COMMENTS = YES;
				CLANG_WARN_EMPTY_BODY = YES;
				CLANG_WARN_ENUM_CONVERSION = YES;
				CLANG_WARN_INFINITE_RECURSION = YES;
				CLANG_WARN_INT_CONVERSION = YES;
				CLANG_WARN_NON_LITERAL_NULL_CONVERSION = YES;
				CLANG_WARN_OBJC_IMPLICIT_RETAIN_SELF = YES;
				CLANG_WARN_OBJC_LITERAL_CONVERSION = YES;
				CLANG_WARN_OBJC_ROOT_CLASS = YES_ERROR;
				CLANG_WARN_RANGE_LOOP_ANALYSIS = YES;
				CLANG_WARN_STRICT_PROTOTYPES = YES;
				CLANG_WARN_SUSPICIOUS_MOVE = YES;
				CLANG_WARN_UNGUARDED_AVAILABILITY = YES_AGGRESSIVE;
				CLANG_WARN_UNREACHABLE_CODE = YES;
				CLANG_WARN__DUPLICATE_METHOD_MATCH = YES;
				CODE_SIGN_IDENTITY = "iPhone Developer";
				COPY_PHASE_STRIP = NO;
				DEBUG_INFORMATION_FORMAT = dwarf;
				ENABLE_STRICT_OBJC_MSGSEND = YES;
				ENABLE_TESTABILITY = YES;
				GCC_C_LANGUAGE_STANDARD = gnu11;
				GCC_DYNAMIC_NO_PIC = NO;
				GCC_NO_COMMON_BLOCKS = YES;
				GCC_OPTIMIZATION_LEVEL = 0;
				GCC_PREPROCESSOR_DEFINITIONS = (
					"DEBUG=1",
					"$(inherited)",
				);
				GCC_WARN_64_TO_32_BIT_CONVERSION = YES;
				GCC_WARN_ABOUT_RETURN_TYPE = YES_ERROR;
				GCC_WARN_UNDECLARED_SELECTOR = YES;
				GCC_WARN_UNINITIALIZED_AUTOS = YES_AGGRESSIVE;
				GCC_WARN_UNUSED_FUNCTION = YES;
				GCC_WARN_UNUSED_VARIABLE = YES;
				IPHONEOS_DEPLOYMENT_TARGET = 12.1;
				MTL_ENABLE_DEBUG_INFO = INCLUDE_SOURCE;
				MTL_FAST_MATH = YES;
				ONLY_ACTIVE_ARCH = YES;
				SDKROOT = iphoneos;
				SWIFT_ACTIVE_COMPILATION_CONDITIONS = DEBUG;
				SWIFT_OPTIMIZATION_LEVEL = "-Onone";
			};
			name = Debug;
		};
		84021848222926AA00BAAC3C /* Release */ = {
			isa = XCBuildConfiguration;
			buildSettings = {
				ALWAYS_SEARCH_USER_PATHS = NO;
				CLANG_ANALYZER_NONNULL = YES;
				CLANG_ANALYZER_NUMBER_OBJECT_CONVERSION = YES_AGGRESSIVE;
				CLANG_CXX_LANGUAGE_STANDARD = "gnu++14";
				CLANG_CXX_LIBRARY = "libc++";
				CLANG_ENABLE_MODULES = YES;
				CLANG_ENABLE_OBJC_ARC = YES;
				CLANG_ENABLE_OBJC_WEAK = YES;
				CLANG_WARN_BLOCK_CAPTURE_AUTORELEASING = YES;
				CLANG_WARN_BOOL_CONVERSION = YES;
				CLANG_WARN_COMMA = YES;
				CLANG_WARN_CONSTANT_CONVERSION = YES;
				CLANG_WARN_DEPRECATED_OBJC_IMPLEMENTATIONS = YES;
				CLANG_WARN_DIRECT_OBJC_ISA_USAGE = YES_ERROR;
				CLANG_WARN_DOCUMENTATION_COMMENTS = YES;
				CLANG_WARN_EMPTY_BODY = YES;
				CLANG_WARN_ENUM_CONVERSION = YES;
				CLANG_WARN_INFINITE_RECURSION = YES;
				CLANG_WARN_INT_CONVERSION = YES;
				CLANG_WARN_NON_LITERAL_NULL_CONVERSION = YES;
				CLANG_WARN_OBJC_IMPLICIT_RETAIN_SELF = YES;
				CLANG_WARN_OBJC_LITERAL_CONVERSION = YES;
				CLANG_WARN_OBJC_ROOT_CLASS = YES_ERROR;
				CLANG_WARN_RANGE_LOOP_ANALYSIS = YES;
				CLANG_WARN_STRICT_PROTOTYPES = YES;
				CLANG_WARN_SUSPICIOUS_MOVE = YES;
				CLANG_WARN_UNGUARDED_AVAILABILITY = YES_AGGRESSIVE;
				CLANG_WARN_UNREACHABLE_CODE = YES;
				CLANG_WARN__DUPLICATE_METHOD_MATCH = YES;
				CODE_SIGN_IDENTITY = "iPhone Developer";
				COPY_PHASE_STRIP = NO;
				DEBUG_INFORMATION_FORMAT = "dwarf-with-dsym";
				ENABLE_NS_ASSERTIONS = NO;
				ENABLE_STRICT_OBJC_MSGSEND = YES;
				GCC_C_LANGUAGE_STANDARD = gnu11;
				GCC_NO_COMMON_BLOCKS = YES;
				GCC_WARN_64_TO_32_BIT_CONVERSION = YES;
				GCC_WARN_ABOUT_RETURN_TYPE = YES_ERROR;
				GCC_WARN_UNDECLARED_SELECTOR = YES;
				GCC_WARN_UNINITIALIZED_AUTOS = YES_AGGRESSIVE;
				GCC_WARN_UNUSED_FUNCTION = YES;
				GCC_WARN_UNUSED_VARIABLE = YES;
				IPHONEOS_DEPLOYMENT_TARGET = 12.1;
				MTL_ENABLE_DEBUG_INFO = NO;
				MTL_FAST_MATH = YES;
				SDKROOT = iphoneos;
				SWIFT_COMPILATION_MODE = wholemodule;
				SWIFT_OPTIMIZATION_LEVEL = "-O";
				VALIDATE_PRODUCT = YES;
			};
			name = Release;
		};
		8402184A222926AA00BAAC3C /* Debug */ = {
			isa = XCBuildConfiguration;
			buildSettings = {
				ASSETCATALOG_COMPILER_APPICON_NAME = AppIcon;
				CODE_SIGN_STYLE = Automatic;
				DEVELOPMENT_TEAM = 3548UVUD68;
				INFOPLIST_FILE = LoopPageViewDome/Info.plist;
				IPHONEOS_DEPLOYMENT_TARGET = 11.0;
				LD_RUNPATH_SEARCH_PATHS = (
					"$(inherited)",
					"@executable_path/Frameworks",
				);
				PRODUCT_BUNDLE_IDENTIFIER = "-23.LoopPageViewDome";
				PRODUCT_NAME = "$(TARGET_NAME)";
				SWIFT_VERSION = 4.2;
				TARGETED_DEVICE_FAMILY = "1,2";
			};
			name = Debug;
		};
		8402184B222926AA00BAAC3C /* Release */ = {
			isa = XCBuildConfiguration;
			buildSettings = {
				ASSETCATALOG_COMPILER_APPICON_NAME = AppIcon;
				CODE_SIGN_STYLE = Automatic;
				DEVELOPMENT_TEAM = 3548UVUD68;
				INFOPLIST_FILE = LoopPageViewDome/Info.plist;
				IPHONEOS_DEPLOYMENT_TARGET = 11.0;
				LD_RUNPATH_SEARCH_PATHS = (
					"$(inherited)",
					"@executable_path/Frameworks",
				);
				PRODUCT_BUNDLE_IDENTIFIER = "-23.LoopPageViewDome";
				PRODUCT_NAME = "$(TARGET_NAME)";
				SWIFT_VERSION = 4.2;
				TARGETED_DEVICE_FAMILY = "1,2";
			};
			name = Release;
		};
/* End XCBuildConfiguration section */

/* Begin XCConfigurationList section */
		840218322229269E00BAAC3C /* Build configuration list for PBXProject "LoopPageViewDome" */ = {
			isa = XCConfigurationList;
			buildConfigurations = (
				84021847222926AA00BAAC3C /* Debug */,
				84021848222926AA00BAAC3C /* Release */,
			);
			defaultConfigurationIsVisible = 0;
			defaultConfigurationName = Release;
		};
		84021849222926AA00BAAC3C /* Build configuration list for PBXNativeTarget "LoopPageViewDome" */ = {
			isa = XCConfigurationList;
			buildConfigurations = (
				8402184A222926AA00BAAC3C /* Debug */,
				8402184B222926AA00BAAC3C /* Release */,
			);
			defaultConfigurationIsVisible = 0;
			defaultConfigurationName = Release;
		};
/* End XCConfigurationList section */
	};
	rootObject = 8402182F2229269E00BAAC3C /* Project object */;
}
